<Project xmlns="http://schemas.microsoft.com/developer/msbuild/2003">
    <PropertyGroup>
        <ProjectGuid>{637A103E-0311-4540-A9FD-6E4868122928}</ProjectGuid>
        <ProjectVersion>18.2</ProjectVersion>
        <FrameworkType>FMX</FrameworkType>
        <MainSource>ProjectName.dpr</MainSource>
        <Base>True</Base>
        <Config Condition="'$(Config)'==''">Debug</Config>
        <Platform Condition="'$(Platform)'==''">OSX32</Platform>
        <TargetedPlatforms>135</TargetedPlatforms>
        <AppType>Application</AppType>
    </PropertyGroup>
    <PropertyGroup Condition="'$(Config)'=='Base' or '$(Base)'!=''">
        <Base>true</Base>
    </PropertyGroup>
    <PropertyGroup Condition="('$(Platform)'=='Android' and '$(Base)'=='true') or '$(Base_Android)'!=''">
        <Base_Android>true</Base_Android>
        <CfgParent>Base</CfgParent>
        <Base>true</Base>
    </PropertyGroup>
    <PropertyGroup Condition="('$(Platform)'=='iOSDevice32' and '$(Base)'=='true') or '$(Base_iOSDevice32)'!=''">
        <Base_iOSDevice32>true</Base_iOSDevice32>
        <CfgParent>Base</CfgParent>
        <Base>true</Base>
    </PropertyGroup>
    <PropertyGroup Condition="('$(Platform)'=='iOSDevice64' and '$(Base)'=='true') or '$(Base_iOSDevice64)'!=''">
        <Base_iOSDevice64>true</Base_iOSDevice64>
        <CfgParent>Base</CfgParent>
        <Base>true</Base>
    </PropertyGroup>
    <PropertyGroup Condition="('$(Platform)'=='iOSSimulator' and '$(Base)'=='true') or '$(Base_iOSSimulator)'!=''">
        <Base_iOSSimulator>true</Base_iOSSimulator>
        <CfgParent>Base</CfgParent>
        <Base>true</Base>
    </PropertyGroup>
    <PropertyGroup Condition="('$(Platform)'=='Linux64' and '$(Base)'=='true') or '$(Base_Linux64)'!=''">
        <Base_Linux64>true</Base_Linux64>
        <CfgParent>Base</CfgParent>
        <Base>true</Base>
    </PropertyGroup>
    <PropertyGroup Condition="('$(Platform)'=='OSX32' and '$(Base)'=='true') or '$(Base_OSX32)'!=''">
        <Base_OSX32>true</Base_OSX32>
        <CfgParent>Base</CfgParent>
        <Base>true</Base>
    </PropertyGroup>
    <PropertyGroup Condition="('$(Platform)'=='Win32' and '$(Base)'=='true') or '$(Base_Win32)'!=''">
        <Base_Win32>true</Base_Win32>
        <CfgParent>Base</CfgParent>
        <Base>true</Base>
    </PropertyGroup>
    <PropertyGroup Condition="('$(Platform)'=='Win64' and '$(Base)'=='true') or '$(Base_Win64)'!=''">
        <Base_Win64>true</Base_Win64>
        <CfgParent>Base</CfgParent>
        <Base>true</Base>
    </PropertyGroup>
    <PropertyGroup Condition="'$(Config)'=='Debug' or '$(Cfg_1)'!=''">
        <Cfg_1>true</Cfg_1>
        <CfgParent>Base</CfgParent>
        <Base>true</Base>
    </PropertyGroup>
    <PropertyGroup Condition="('$(Platform)'=='Linux64' and '$(Cfg_1)'=='true') or '$(Cfg_1_Linux64)'!=''">
        <Cfg_1_Linux64>true</Cfg_1_Linux64>
        <CfgParent>Cfg_1</CfgParent>
        <Cfg_1>true</Cfg_1>
        <Base>true</Base>
    </PropertyGroup>
    <PropertyGroup Condition="('$(Platform)'=='OSX32' and '$(Cfg_1)'=='true') or '$(Cfg_1_OSX32)'!=''">
        <Cfg_1_OSX32>true</Cfg_1_OSX32>
        <CfgParent>Cfg_1</CfgParent>
        <Cfg_1>true</Cfg_1>
        <Base>true</Base>
    </PropertyGroup>
    <PropertyGroup Condition="('$(Platform)'=='Win32' and '$(Cfg_1)'=='true') or '$(Cfg_1_Win32)'!=''">
        <Cfg_1_Win32>true</Cfg_1_Win32>
        <CfgParent>Cfg_1</CfgParent>
        <Cfg_1>true</Cfg_1>
        <Base>true</Base>
    </PropertyGroup>
    <PropertyGroup Condition="('$(Platform)'=='Win64' and '$(Cfg_1)'=='true') or '$(Cfg_1_Win64)'!=''">
        <Cfg_1_Win64>true</Cfg_1_Win64>
        <CfgParent>Cfg_1</CfgParent>
        <Cfg_1>true</Cfg_1>
        <Base>true</Base>
    </PropertyGroup>
    <PropertyGroup Condition="'$(Config)'=='Release' or '$(Cfg_2)'!=''">
        <Cfg_2>true</Cfg_2>
        <CfgParent>Base</CfgParent>
        <Base>true</Base>
    </PropertyGroup>
    <PropertyGroup Condition="('$(Platform)'=='Linux64' and '$(Cfg_2)'=='true') or '$(Cfg_2_Linux64)'!=''">
        <Cfg_2_Linux64>true</Cfg_2_Linux64>
        <CfgParent>Cfg_2</CfgParent>
        <Cfg_2>true</Cfg_2>
        <Base>true</Base>
    </PropertyGroup>
    <PropertyGroup Condition="('$(Platform)'=='OSX32' and '$(Cfg_2)'=='true') or '$(Cfg_2_OSX32)'!=''">
        <Cfg_2_OSX32>true</Cfg_2_OSX32>
        <CfgParent>Cfg_2</CfgParent>
        <Cfg_2>true</Cfg_2>
        <Base>true</Base>
    </PropertyGroup>
    <PropertyGroup Condition="('$(Platform)'=='Win32' and '$(Cfg_2)'=='true') or '$(Cfg_2_Win32)'!=''">
        <Cfg_2_Win32>true</Cfg_2_Win32>
        <CfgParent>Cfg_2</CfgParent>
        <Cfg_2>true</Cfg_2>
        <Base>true</Base>
    </PropertyGroup>
    <PropertyGroup Condition="('$(Platform)'=='Win64' and '$(Cfg_2)'=='true') or '$(Cfg_2_Win64)'!=''">
        <Cfg_2_Win64>true</Cfg_2_Win64>
        <CfgParent>Cfg_2</CfgParent>
        <Cfg_2>true</Cfg_2>
        <Base>true</Base>
    </PropertyGroup>
    <PropertyGroup Condition="'$(Base)'!=''">
        <DCC_DcuOutput>..\Output\$(Platform)\$(Config)\Compiled Units</DCC_DcuOutput>
        <DCC_ExeOutput>..\Output\$(Platform)\$(Config)\Bin</DCC_ExeOutput>
        <DCC_E>false</DCC_E>
        <DCC_N>false</DCC_N>
        <DCC_S>false</DCC_S>
        <DCC_F>false</DCC_F>
        <DCC_K>false</DCC_K>
        <DCC_UsePackage>RemObjects_Indy_D25;RESTBackendComponents;CloudService;soaprtl;soapmidas;RESTComponents;emsclientfiredac;DataSnapFireDAC;RemObjects_Server_Indy_D25;FireDACIBDriver;emsclient;FireDACCommon;soapserver;FireDACCommonDriver;inet;FireDAC;FireDACSqliteDriver;RemObjects_WebBroker_D25;$(DCC_UsePackage)</DCC_UsePackage>
        <DCC_Namespace>System;Xml;Data;Datasnap;Web;Soap;$(DCC_Namespace)</DCC_Namespace>
        <AUP_ACCESS_COARSE_LOCATION>true</AUP_ACCESS_COARSE_LOCATION>
        <AUP_ACCESS_FINE_LOCATION>true</AUP_ACCESS_FINE_LOCATION>
        <AUP_CALL_PHONE>true</AUP_CALL_PHONE>
        <AUP_CAMERA>true</AUP_CAMERA>
        <AUP_INTERNET>true</AUP_INTERNET>
        <AUP_READ_CALENDAR>true</AUP_READ_CALENDAR>
        <AUP_READ_EXTERNAL_STORAGE>true</AUP_READ_EXTERNAL_STORAGE>
        <AUP_WRITE_CALENDAR>true</AUP_WRITE_CALENDAR>
        <AUP_WRITE_EXTERNAL_STORAGE>true</AUP_WRITE_EXTERNAL_STORAGE>
        <AUP_READ_PHONE_STATE>true</AUP_READ_PHONE_STATE>
        <Icon_MainIcon>$(BDS)\bin\delphi_PROJECTICON.ico</Icon_MainIcon>
        <Icns_MainIcns>$(BDS)\bin\delphi_PROJECTICNS.icns</Icns_MainIcns>
        <SanitizedProjectName>ProjectName</SanitizedProjectName>
        <DCC_DcpOutput>..\Output\$(Platform)\$(Config)\DCP</DCC_DcpOutput>
        <DCC_BplOutput>..\Output\$(Platform)\$(Config)\Packages</DCC_BplOutput>
    </PropertyGroup>
    <PropertyGroup Condition="'$(Base_Android)'!=''">
        <DCC_UsePackage>DBXSqliteDriver;tethering;FireDACDBXDriver;AT.FMX.Controls.Standard;FMXTMSFNCUIPackPkgDXE11;bindengine;AT.FMX.Controls.Advanced;DataSnapClient;bindcompdbx;IndyIPServer;IndySystem;fmxFireDAC;FMXTee;DbxCommonDriver;xmlrtl;DataSnapNativeClient;rtl;DbxClientDriver;IndyIPClient;DataSnapProviderClient;DBXInterBaseDriver;bindcompfmx;FmxTeeUI;fmx;RadiantShapesFmx;dbexpress;IndyCore;dsnap;DataSnapCommon;FMXTMSFNCCorePkgDXE11;IndyIPCommon;ibmonitor;ibxpress;ibxbindings;FireDACDSDriver;CustomIPTransport;bindcomp;dbxcds;DataAbstract_SpiderMonkeyScripting_D25;dsnapxml;dbrtl;IndyProtocols;$(DCC_UsePackage)</DCC_UsePackage>
        <VerInfo_Keys>package=com.embarcadero.$(MSBuildProjectName);label=$(MSBuildProjectName);versionCode=1;versionName=1.0.0;persistent=False;restoreAnyVersion=False;installLocation=auto;largeHeap=False;theme=TitleBar;hardwareAccelerated=true;apiKey=</VerInfo_Keys>
        <BT_BuildType>Debug</BT_BuildType>
        <VerInfo_IncludeVerInfo>true</VerInfo_IncludeVerInfo>
        <Android_LauncherIcon36>$(BDS)\bin\Artwork\Android\FM_LauncherIcon_36x36.png</Android_LauncherIcon36>
        <Android_LauncherIcon48>$(BDS)\bin\Artwork\Android\FM_LauncherIcon_48x48.png</Android_LauncherIcon48>
        <Android_LauncherIcon72>$(BDS)\bin\Artwork\Android\FM_LauncherIcon_72x72.png</Android_LauncherIcon72>
        <Android_LauncherIcon96>$(BDS)\bin\Artwork\Android\FM_LauncherIcon_96x96.png</Android_LauncherIcon96>
        <Android_LauncherIcon144>$(BDS)\bin\Artwork\Android\FM_LauncherIcon_144x144.png</Android_LauncherIcon144>
        <Android_SplashImage426>$(BDS)\bin\Artwork\Android\FM_SplashImage_426x320.png</Android_SplashImage426>
        <Android_SplashImage470>$(BDS)\bin\Artwork\Android\FM_SplashImage_470x320.png</Android_SplashImage470>
        <Android_SplashImage640>$(BDS)\bin\Artwork\Android\FM_SplashImage_640x480.png</Android_SplashImage640>
        <Android_SplashImage960>$(BDS)\bin\Artwork\Android\FM_SplashImage_960x720.png</Android_SplashImage960>
        <EnabledSysJars>android-support-v4.dex.jar;cloud-messaging.dex.jar;fmx.dex.jar;google-analytics-v2.dex.jar;google-play-billing.dex.jar;google-play-licensing.dex.jar;google-play-services.dex.jar</EnabledSysJars>
    </PropertyGroup>
    <PropertyGroup Condition="'$(Base_iOSDevice32)'!=''">
        <DCC_UsePackage>DBXSqliteDriver;tethering;FireDACDBXDriver;AT.FMX.Controls.Standard;FMXTMSFNCUIPackPkgDXE11;bindengine;AT.FMX.Controls.Advanced;DataSnapClient;bindcompdbx;IndyIPServer;IndySystem;fmxFireDAC;FMXTee;DbxCommonDriver;xmlrtl;DataSnapNativeClient;rtl;DbxClientDriver;IndyIPClient;DataSnapProviderClient;DBXInterBaseDriver;bindcompfmx;FmxTeeUI;fmx;RadiantShapesFmx;dbexpress;IndyCore;dsnap;DataSnapCommon;FMXTMSFNCCorePkgDXE11;IndyIPCommon;ibmonitor;ibxpress;ibxbindings;FireDACDSDriver;CustomIPTransport;bindcomp;dbxcds;dsnapxml;dbrtl;IndyProtocols;fmxase;$(DCC_UsePackage)</DCC_UsePackage>
        <VerInfo_Keys>CFBundleName=$(MSBuildProjectName);CFBundleDevelopmentRegion=en;CFBundleDisplayName=$(MSBuildProjectName);CFBundleIdentifier=$(MSBuildProjectName);CFBundleInfoDictionaryVersion=7.1;CFBundleVersion=1.0.0.0;CFBundlePackageType=APPL;CFBundleSignature=????;LSRequiresIPhoneOS=true;CFBundleAllowMixedLocalizations=YES;CFBundleExecutable=$(MSBuildProjectName);UIDeviceFamily=iPhone &amp; iPad;CFBundleResourceSpecification=ResourceRules.plist;NSLocationAlwaysUsageDescription=The reason for accessing the location information of the user;NSLocationWhenInUseUsageDescription=The reason for accessing the location information of the user;FMLocalNotificationPermission=false;UIBackgroundModes=;NSContactsUsageDescription=The reason for accessing the contacts;NSPhotoLibraryUsageDescription=The reason for accessing the photo library;NSCameraUsageDescription=The reason for accessing the camera</VerInfo_Keys>
        <VerInfo_UIDeviceFamily>iPhoneAndiPad</VerInfo_UIDeviceFamily>
        <VerInfo_IncludeVerInfo>true</VerInfo_IncludeVerInfo>
        <BT_BuildType>Debug</BT_BuildType>
        <VerInfo_BundleId>$(MSBuildProjectName)</VerInfo_BundleId>
        <iPhone_AppIcon57>$(BDS)\bin\Artwork\iOS\iPhone\FM_ApplicationIcon_57x57.png</iPhone_AppIcon57>
        <iPhone_AppIcon60>$(BDS)\bin\Artwork\iOS\iPhone\FM_ApplicationIcon_60x60.png</iPhone_AppIcon60>
        <iPhone_AppIcon87>$(BDS)\bin\Artwork\iOS\iPhone\FM_ApplicationIcon_87x87.png</iPhone_AppIcon87>
        <iPhone_AppIcon114>$(BDS)\bin\Artwork\iOS\iPhone\FM_ApplicationIcon_114x114.png</iPhone_AppIcon114>
        <iPhone_AppIcon120>$(BDS)\bin\Artwork\iOS\iPhone\FM_ApplicationIcon_120x120.png</iPhone_AppIcon120>
        <iPhone_AppIcon180>$(BDS)\bin\Artwork\iOS\iPhone\FM_ApplicationIcon_180x180.png</iPhone_AppIcon180>
        <iPhone_Launch320>$(BDS)\bin\Artwork\iOS\iPhone\FM_LaunchImage_320x480.png</iPhone_Launch320>
        <iPhone_Launch640>$(BDS)\bin\Artwork\iOS\iPhone\FM_LaunchImage_640x960.png</iPhone_Launch640>
        <iPhone_Launch640x1136>$(BDS)\bin\Artwork\iOS\iPhone\FM_LaunchImage_640x1136.png</iPhone_Launch640x1136>
        <iPhone_Launch750>$(BDS)\bin\Artwork\iOS\iPhone\FM_LaunchImage_750x1334.png</iPhone_Launch750>
        <iPhone_Launch1242>$(BDS)\bin\Artwork\iOS\iPhone\FM_LaunchImage_1242x2208.png</iPhone_Launch1242>
        <iPhone_Launch2208>$(BDS)\bin\Artwork\iOS\iPhone\FM_LaunchImage_2208x1242.png</iPhone_Launch2208>
        <iPhone_Spotlight29>$(BDS)\bin\Artwork\iOS\iPhone\FM_SpotlightSearchIcon_29x29.png</iPhone_Spotlight29>
        <iPhone_Spotlight40>$(BDS)\bin\Artwork\iOS\iPhone\FM_SpotlightSearchIcon_40x40.png</iPhone_Spotlight40>
        <iPhone_Spotlight58>$(BDS)\bin\Artwork\iOS\iPhone\FM_SpotlightSearchIcon_58x58.png</iPhone_Spotlight58>
        <iPhone_Spotlight80>$(BDS)\bin\Artwork\iOS\iPhone\FM_SpotlightSearchIcon_80x80.png</iPhone_Spotlight80>
        <iPad_AppIcon72>$(BDS)\bin\Artwork\iOS\iPad\FM_ApplicationIcon_72x72.png</iPad_AppIcon72>
        <iPad_AppIcon76>$(BDS)\bin\Artwork\iOS\iPad\FM_ApplicationIcon_76x76.png</iPad_AppIcon76>
        <iPad_AppIcon144>$(BDS)\bin\Artwork\iOS\iPad\FM_ApplicationIcon_144x144.png</iPad_AppIcon144>
        <iPad_AppIcon152>$(BDS)\bin\Artwork\iOS\iPad\FM_ApplicationIcon_152x152.png</iPad_AppIcon152>
        <iPad_Launch768>$(BDS)\bin\Artwork\iOS\iPad\FM_LaunchImagePortrait_768x1004.png</iPad_Launch768>
        <iPad_Launch768x1024>$(BDS)\bin\Artwork\iOS\iPad\FM_LaunchImagePortrait_768x1024.png</iPad_Launch768x1024>
        <iPad_Launch1024>$(BDS)\bin\Artwork\iOS\iPad\FM_LaunchImageLandscape_1024x748.png</iPad_Launch1024>
        <iPad_Launch1024x768>$(BDS)\bin\Artwork\iOS\iPad\FM_LaunchImageLandscape_1024x768.png</iPad_Launch1024x768>
        <iPad_Launch1536>$(BDS)\bin\Artwork\iOS\iPad\FM_LaunchImagePortrait_1536x2008.png</iPad_Launch1536>
        <iPad_Launch1536x2048>$(BDS)\bin\Artwork\iOS\iPad\FM_LaunchImagePortrait_1536x2048.png</iPad_Launch1536x2048>
        <iPad_Launch2048>$(BDS)\bin\Artwork\iOS\iPad\FM_LaunchImageLandscape_2048x1496.png</iPad_Launch2048>
        <iPad_Launch2048x1536>$(BDS)\bin\Artwork\iOS\iPad\FM_LaunchImageLandscape_2048x1536.png</iPad_Launch2048x1536>
        <iPad_SpotLight40>$(BDS)\bin\Artwork\iOS\iPad\FM_SpotlightSearchIcon_40x40.png</iPad_SpotLight40>
        <iPad_SpotLight50>$(BDS)\bin\Artwork\iOS\iPad\FM_SpotlightSearchIcon_50x50.png</iPad_SpotLight50>
        <iPad_SpotLight80>$(BDS)\bin\Artwork\iOS\iPad\FM_SpotlightSearchIcon_80x80.png</iPad_SpotLight80>
        <iPad_SpotLight100>$(BDS)\bin\Artwork\iOS\iPad\FM_SpotlightSearchIcon_100x100.png</iPad_SpotLight100>
        <iPad_Setting29>$(BDS)\bin\Artwork\iOS\iPad\FM_SettingIcon_29x29.png</iPad_Setting29>
        <iPad_Setting58>$(BDS)\bin\Artwork\iOS\iPad\FM_SettingIcon_58x58.png</iPad_Setting58>
    </PropertyGroup>
    <PropertyGroup Condition="'$(Base_iOSDevice64)'!=''">
        <DCC_UsePackage>DBXSqliteDriver;tethering;FireDACDBXDriver;AT.FMX.Controls.Standard;FMXTMSFNCUIPackPkgDXE11;bindengine;AT.FMX.Controls.Advanced;DataSnapClient;bindcompdbx;IndyIPServer;AT.Windows.Dialogs;IndySystem;fmxFireDAC;FMXTee;DbxCommonDriver;xmlrtl;DataSnapNativeClient;rtl;DbxClientDriver;IndyIPClient;DataSnapProviderClient;DBXInterBaseDriver;bindcompfmx;FmxTeeUI;fmx;RadiantShapesFmx;dbexpress;IndyCore;dsnap;DataSnapCommon;AT.Windows.Controls.Graphics;FMXTMSFNCCorePkgDXE11;IndyIPCommon;ibmonitor;ibxpress;ibxbindings;FireDACDSDriver;CustomIPTransport;bindcomp;frce;dbxcds;dsnapxml;dbrtl;IndyProtocols;fmxase;$(DCC_UsePackage)</DCC_UsePackage>
        <VerInfo_Keys>CFBundleName=$(MSBuildProjectName);CFBundleDevelopmentRegion=en;CFBundleDisplayName=$(MSBuildProjectName);CFBundleIdentifier=$(MSBuildProjectName);CFBundleInfoDictionaryVersion=7.1;CFBundleVersion=1.0.0.0;CFBundlePackageType=APPL;CFBundleSignature=????;LSRequiresIPhoneOS=true;CFBundleAllowMixedLocalizations=YES;CFBundleExecutable=$(MSBuildProjectName);UIDeviceFamily=iPhone &amp; iPad;CFBundleResourceSpecification=ResourceRules.plist;NSLocationAlwaysUsageDescription=The reason for accessing the location information of the user;NSLocationWhenInUseUsageDescription=The reason for accessing the location information of the user;FMLocalNotificationPermission=false;UIBackgroundModes=;NSContactsUsageDescription=The reason for accessing the contacts;NSPhotoLibraryUsageDescription=The reason for accessing the photo library;NSCameraUsageDescription=The reason for accessing the camera</VerInfo_Keys>
        <VerInfo_UIDeviceFamily>iPhoneAndiPad</VerInfo_UIDeviceFamily>
        <VerInfo_IncludeVerInfo>true</VerInfo_IncludeVerInfo>
        <BT_BuildType>Debug</BT_BuildType>
        <VerInfo_BundleId>$(MSBuildProjectName)</VerInfo_BundleId>
        <iPhone_AppIcon57>$(BDS)\bin\Artwork\iOS\iPhone\FM_ApplicationIcon_57x57.png</iPhone_AppIcon57>
        <iPhone_AppIcon60>$(BDS)\bin\Artwork\iOS\iPhone\FM_ApplicationIcon_60x60.png</iPhone_AppIcon60>
        <iPhone_AppIcon87>$(BDS)\bin\Artwork\iOS\iPhone\FM_ApplicationIcon_87x87.png</iPhone_AppIcon87>
        <iPhone_AppIcon114>$(BDS)\bin\Artwork\iOS\iPhone\FM_ApplicationIcon_114x114.png</iPhone_AppIcon114>
        <iPhone_AppIcon120>$(BDS)\bin\Artwork\iOS\iPhone\FM_ApplicationIcon_120x120.png</iPhone_AppIcon120>
        <iPhone_AppIcon180>$(BDS)\bin\Artwork\iOS\iPhone\FM_ApplicationIcon_180x180.png</iPhone_AppIcon180>
        <iPhone_Launch320>$(BDS)\bin\Artwork\iOS\iPhone\FM_LaunchImage_320x480.png</iPhone_Launch320>
        <iPhone_Launch640>$(BDS)\bin\Artwork\iOS\iPhone\FM_LaunchImage_640x960.png</iPhone_Launch640>
        <iPhone_Launch640x1136>$(BDS)\bin\Artwork\iOS\iPhone\FM_LaunchImage_640x1136.png</iPhone_Launch640x1136>
        <iPhone_Launch750>$(BDS)\bin\Artwork\iOS\iPhone\FM_LaunchImage_750x1334.png</iPhone_Launch750>
        <iPhone_Launch1242>$(BDS)\bin\Artwork\iOS\iPhone\FM_LaunchImage_1242x2208.png</iPhone_Launch1242>
        <iPhone_Launch2208>$(BDS)\bin\Artwork\iOS\iPhone\FM_LaunchImage_2208x1242.png</iPhone_Launch2208>
        <iPhone_Spotlight29>$(BDS)\bin\Artwork\iOS\iPhone\FM_SpotlightSearchIcon_29x29.png</iPhone_Spotlight29>
        <iPhone_Spotlight40>$(BDS)\bin\Artwork\iOS\iPhone\FM_SpotlightSearchIcon_40x40.png</iPhone_Spotlight40>
        <iPhone_Spotlight58>$(BDS)\bin\Artwork\iOS\iPhone\FM_SpotlightSearchIcon_58x58.png</iPhone_Spotlight58>
        <iPhone_Spotlight80>$(BDS)\bin\Artwork\iOS\iPhone\FM_SpotlightSearchIcon_80x80.png</iPhone_Spotlight80>
        <iPad_AppIcon72>$(BDS)\bin\Artwork\iOS\iPad\FM_ApplicationIcon_72x72.png</iPad_AppIcon72>
        <iPad_AppIcon76>$(BDS)\bin\Artwork\iOS\iPad\FM_ApplicationIcon_76x76.png</iPad_AppIcon76>
        <iPad_AppIcon144>$(BDS)\bin\Artwork\iOS\iPad\FM_ApplicationIcon_144x144.png</iPad_AppIcon144>
        <iPad_AppIcon152>$(BDS)\bin\Artwork\iOS\iPad\FM_ApplicationIcon_152x152.png</iPad_AppIcon152>
        <iPad_Launch768>$(BDS)\bin\Artwork\iOS\iPad\FM_LaunchImagePortrait_768x1004.png</iPad_Launch768>
        <iPad_Launch768x1024>$(BDS)\bin\Artwork\iOS\iPad\FM_LaunchImagePortrait_768x1024.png</iPad_Launch768x1024>
        <iPad_Launch1024>$(BDS)\bin\Artwork\iOS\iPad\FM_LaunchImageLandscape_1024x748.png</iPad_Launch1024>
        <iPad_Launch1024x768>$(BDS)\bin\Artwork\iOS\iPad\FM_LaunchImageLandscape_1024x768.png</iPad_Launch1024x768>
        <iPad_Launch1536>$(BDS)\bin\Artwork\iOS\iPad\FM_LaunchImagePortrait_1536x2008.png</iPad_Launch1536>
        <iPad_Launch1536x2048>$(BDS)\bin\Artwork\iOS\iPad\FM_LaunchImagePortrait_1536x2048.png</iPad_Launch1536x2048>
        <iPad_Launch2048>$(BDS)\bin\Artwork\iOS\iPad\FM_LaunchImageLandscape_2048x1496.png</iPad_Launch2048>
        <iPad_Launch2048x1536>$(BDS)\bin\Artwork\iOS\iPad\FM_LaunchImageLandscape_2048x1536.png</iPad_Launch2048x1536>
        <iPad_SpotLight40>$(BDS)\bin\Artwork\iOS\iPad\FM_SpotlightSearchIcon_40x40.png</iPad_SpotLight40>
        <iPad_SpotLight50>$(BDS)\bin\Artwork\iOS\iPad\FM_SpotlightSearchIcon_50x50.png</iPad_SpotLight50>
        <iPad_SpotLight80>$(BDS)\bin\Artwork\iOS\iPad\FM_SpotlightSearchIcon_80x80.png</iPad_SpotLight80>
        <iPad_SpotLight100>$(BDS)\bin\Artwork\iOS\iPad\FM_SpotlightSearchIcon_100x100.png</iPad_SpotLight100>
        <iPad_Setting29>$(BDS)\bin\Artwork\iOS\iPad\FM_SettingIcon_29x29.png</iPad_Setting29>
        <iPad_Setting58>$(BDS)\bin\Artwork\iOS\iPad\FM_SettingIcon_58x58.png</iPad_Setting58>
    </PropertyGroup>
    <PropertyGroup Condition="'$(Base_iOSSimulator)'!=''">
        <DCC_UsePackage>DBXSqliteDriver;tethering;FireDACDBXDriver;AT.FMX.Controls.Standard;FMXTMSFNCUIPackPkgDXE11;bindengine;AT.FMX.Controls.Advanced;DataSnapClient;bindcompdbx;IndyIPServer;IndySystem;fmxFireDAC;FMXTee;DbxCommonDriver;xmlrtl;DataSnapNativeClient;rtl;DbxClientDriver;IndyIPClient;DataSnapProviderClient;DBXInterBaseDriver;bindcompfmx;FmxTeeUI;fmx;RadiantShapesFmx;dbexpress;IndyCore;dsnap;DataSnapCommon;FMXTMSFNCCorePkgDXE11;IndyIPCommon;ibmonitor;ibxpress;ibxbindings;FireDACDSDriver;CustomIPTransport;bindcomp;dbxcds;dsnapxml;dbrtl;IndyProtocols;fmxase;$(DCC_UsePackage)</DCC_UsePackage>
        <VerInfo_Keys>CFBundleName=$(MSBuildProjectName);CFBundleDevelopmentRegion=en;CFBundleDisplayName=$(MSBuildProjectName);CFBundleIdentifier=$(MSBuildProjectName);CFBundleInfoDictionaryVersion=7.1;CFBundleVersion=1.0.0.0;CFBundlePackageType=APPL;CFBundleSignature=????;LSRequiresIPhoneOS=true;CFBundleAllowMixedLocalizations=YES;CFBundleExecutable=$(MSBuildProjectName);UIDeviceFamily=iPhone &amp; iPad;CFBundleResourceSpecification=ResourceRules.plist;NSLocationAlwaysUsageDescription=The reason for accessing the location information of the user;NSLocationWhenInUseUsageDescription=The reason for accessing the location information of the user;FMLocalNotificationPermission=false;UIBackgroundModes=;NSContactsUsageDescription=The reason for accessing the contacts;NSPhotoLibraryUsageDescription=The reason for accessing the photo library;NSCameraUsageDescription=The reason for accessing the camera</VerInfo_Keys>
        <VerInfo_UIDeviceFamily>iPhoneAndiPad</VerInfo_UIDeviceFamily>
        <VerInfo_IncludeVerInfo>true</VerInfo_IncludeVerInfo>
        <iPhone_AppIcon57>$(BDS)\bin\Artwork\iOS\iPhone\FM_ApplicationIcon_57x57.png</iPhone_AppIcon57>
        <iPhone_AppIcon60>$(BDS)\bin\Artwork\iOS\iPhone\FM_ApplicationIcon_60x60.png</iPhone_AppIcon60>
        <iPhone_AppIcon87>$(BDS)\bin\Artwork\iOS\iPhone\FM_ApplicationIcon_87x87.png</iPhone_AppIcon87>
        <iPhone_AppIcon114>$(BDS)\bin\Artwork\iOS\iPhone\FM_ApplicationIcon_114x114.png</iPhone_AppIcon114>
        <iPhone_AppIcon120>$(BDS)\bin\Artwork\iOS\iPhone\FM_ApplicationIcon_120x120.png</iPhone_AppIcon120>
        <iPhone_AppIcon180>$(BDS)\bin\Artwork\iOS\iPhone\FM_ApplicationIcon_180x180.png</iPhone_AppIcon180>
        <iPhone_Launch320>$(BDS)\bin\Artwork\iOS\iPhone\FM_LaunchImage_320x480.png</iPhone_Launch320>
        <iPhone_Launch640>$(BDS)\bin\Artwork\iOS\iPhone\FM_LaunchImage_640x960.png</iPhone_Launch640>
        <iPhone_Launch640x1136>$(BDS)\bin\Artwork\iOS\iPhone\FM_LaunchImage_640x1136.png</iPhone_Launch640x1136>
        <iPhone_Launch750>$(BDS)\bin\Artwork\iOS\iPhone\FM_LaunchImage_750x1334.png</iPhone_Launch750>
        <iPhone_Launch1242>$(BDS)\bin\Artwork\iOS\iPhone\FM_LaunchImage_1242x2208.png</iPhone_Launch1242>
        <iPhone_Launch2208>$(BDS)\bin\Artwork\iOS\iPhone\FM_LaunchImage_2208x1242.png</iPhone_Launch2208>
        <iPhone_Spotlight29>$(BDS)\bin\Artwork\iOS\iPhone\FM_SpotlightSearchIcon_29x29.png</iPhone_Spotlight29>
        <iPhone_Spotlight40>$(BDS)\bin\Artwork\iOS\iPhone\FM_SpotlightSearchIcon_40x40.png</iPhone_Spotlight40>
        <iPhone_Spotlight58>$(BDS)\bin\Artwork\iOS\iPhone\FM_SpotlightSearchIcon_58x58.png</iPhone_Spotlight58>
        <iPhone_Spotlight80>$(BDS)\bin\Artwork\iOS\iPhone\FM_SpotlightSearchIcon_80x80.png</iPhone_Spotlight80>
        <iPad_AppIcon72>$(BDS)\bin\Artwork\iOS\iPad\FM_ApplicationIcon_72x72.png</iPad_AppIcon72>
        <iPad_AppIcon76>$(BDS)\bin\Artwork\iOS\iPad\FM_ApplicationIcon_76x76.png</iPad_AppIcon76>
        <iPad_AppIcon144>$(BDS)\bin\Artwork\iOS\iPad\FM_ApplicationIcon_144x144.png</iPad_AppIcon144>
        <iPad_AppIcon152>$(BDS)\bin\Artwork\iOS\iPad\FM_ApplicationIcon_152x152.png</iPad_AppIcon152>
        <iPad_Launch768>$(BDS)\bin\Artwork\iOS\iPad\FM_LaunchImagePortrait_768x1004.png</iPad_Launch768>
        <iPad_Launch768x1024>$(BDS)\bin\Artwork\iOS\iPad\FM_LaunchImagePortrait_768x1024.png</iPad_Launch768x1024>
        <iPad_Launch1024>$(BDS)\bin\Artwork\iOS\iPad\FM_LaunchImageLandscape_1024x748.png</iPad_Launch1024>
        <iPad_Launch1024x768>$(BDS)\bin\Artwork\iOS\iPad\FM_LaunchImageLandscape_1024x768.png</iPad_Launch1024x768>
        <iPad_Launch1536>$(BDS)\bin\Artwork\iOS\iPad\FM_LaunchImagePortrait_1536x2008.png</iPad_Launch1536>
        <iPad_Launch1536x2048>$(BDS)\bin\Artwork\iOS\iPad\FM_LaunchImagePortrait_1536x2048.png</iPad_Launch1536x2048>
        <iPad_Launch2048>$(BDS)\bin\Artwork\iOS\iPad\FM_LaunchImageLandscape_2048x1496.png</iPad_Launch2048>
        <iPad_Launch2048x1536>$(BDS)\bin\Artwork\iOS\iPad\FM_LaunchImageLandscape_2048x1536.png</iPad_Launch2048x1536>
        <iPad_SpotLight40>$(BDS)\bin\Artwork\iOS\iPad\FM_SpotlightSearchIcon_40x40.png</iPad_SpotLight40>
        <iPad_SpotLight50>$(BDS)\bin\Artwork\iOS\iPad\FM_SpotlightSearchIcon_50x50.png</iPad_SpotLight50>
        <iPad_SpotLight80>$(BDS)\bin\Artwork\iOS\iPad\FM_SpotlightSearchIcon_80x80.png</iPad_SpotLight80>
        <iPad_SpotLight100>$(BDS)\bin\Artwork\iOS\iPad\FM_SpotlightSearchIcon_100x100.png</iPad_SpotLight100>
        <iPad_Setting29>$(BDS)\bin\Artwork\iOS\iPad\FM_SettingIcon_29x29.png</iPad_Setting29>
        <iPad_Setting58>$(BDS)\bin\Artwork\iOS\iPad\FM_SettingIcon_58x58.png</iPad_Setting58>
    </PropertyGroup>
    <PropertyGroup Condition="'$(Base_Linux64)'!=''">
        <DCC_UnitSearchPath>$(fmxlinux)\Lib\$(ProductVersion)\$(Config);$(DCC_UnitSearchPath)</DCC_UnitSearchPath>
        <Debugger_Launcher>/usr/bin/xterm -e &quot;%debuggee%&quot;</Debugger_Launcher>
        <VerInfo_Keys>CFBundleName=$(MSBuildProjectName);CFBundleDisplayName=$(MSBuildProjectName);CFBundleIdentifier=$(MSBuildProjectName);CFBundleVersion=1.0.0;CFBundlePackageType=APPL;CFBundleSignature=????;CFBundleAllowMixedLocalizations=YES;CFBundleExecutable=$(MSBuildProjectName);NSHighResolutionCapable=true;LSApplicationCategoryType=public.app-category.utilities;NSLocationAlwaysUsageDescription=The reason for accessing the location information of the user;NSLocationWhenInUseUsageDescription=The reason for accessing the location information of the user;NSContactsUsageDescription=The reason for accessing the contacts</VerInfo_Keys>
        <Manifest_File>(None)</Manifest_File>
        <UWP_DelphiLogo44>$(BDS)\bin\Artwork\Windows\UWP\delphi_UwpDefault_44.png</UWP_DelphiLogo44>
        <UWP_DelphiLogo150>$(BDS)\bin\Artwork\Windows\UWP\delphi_UwpDefault_150.png</UWP_DelphiLogo150>
    </PropertyGroup>
    <PropertyGroup Condition="'$(Base_OSX32)'!=''">
        <DCC_UsePackage>DBXSqliteDriver;tethering;FireDACMSSQLDriver;FireDACDBXDriver;AT.FMX.Controls.Standard;FMXTMSFNCUIPackPkgDXE11;bindengine;FireDACMySQLDriver;AT.FMX.Controls.Advanced;DataSnapClient;bindcompdbx;IndyIPServer;IndySystem;fmxFireDAC;emshosting;DataAbstract_DBXDriver_Pro_D25;FireDACTDataDriver;FMXTee;DbxCommonDriver;xmlrtl;DataSnapNativeClient;fmxobj;rtl;DbxClientDriver;DBXSybaseASADriver;IndyIPClient;FireDACODBCDriver;DataSnapIndy10ServerTransport;DataSnapProviderClient;FireDACMongoDBDriver;DataSnapServerMidas;DBXInterBaseDriver;bindcompfmx;DBXOracleDriver;inetdb;FmxTeeUI;emsedge;fmx;fmxdae;RadiantShapesFmx;DataAbstract_DBXDriver_Enterprise_D25;dbexpress;IndyCore;dsnap;DataSnapCommon;FMXTMSFNCCorePkgDXE11;FireDACOracleDriver;DBXMySQLDriver;DBXFirebirdDriver;FireDACCommonODBC;IndyIPCommon;FireDACPgDriver;ibmonitor;FireDACASADriver;ibxpress;DataSnapServer;ibxbindings;FireDACDSDriver;CustomIPTransport;bindcomp;DBXInformixDriver;dbxcds;dsnapxml;dbrtl;inetdbxpress;IndyProtocols;fmxase;$(DCC_UsePackage)</DCC_UsePackage>
        <VerInfo_Keys>CFBundleName=$(MSBuildProjectName);CFBundleDisplayName=$(MSBuildProjectName);CFBundleIdentifier=$(MSBuildProjectName);CFBundleVersion=1.0.0;CFBundlePackageType=APPL;CFBundleSignature=????;CFBundleAllowMixedLocalizations=YES;CFBundleExecutable=$(MSBuildProjectName);NSHighResolutionCapable=true;LSApplicationCategoryType=public.app-category.utilities;NSLocationAlwaysUsageDescription=The reason for accessing the location information of the user;NSLocationWhenInUseUsageDescription=The reason for accessing the location information of the user;NSContactsUsageDescription=The reason for accessing the contacts</VerInfo_Keys>
        <BT_BuildType>Debug</BT_BuildType>
        <VerInfo_IncludeVerInfo>true</VerInfo_IncludeVerInfo>
        <UWP_DelphiLogo44>$(BDS)\bin\Artwork\Windows\UWP\delphi_UwpDefault_44.png</UWP_DelphiLogo44>
        <UWP_DelphiLogo150>$(BDS)\bin\Artwork\Windows\UWP\delphi_UwpDefault_150.png</UWP_DelphiLogo150>
        <Debugger_Launcher>/usr/X11/bin/xterm -e &quot;%debuggee%&quot;</Debugger_Launcher>
        <Manifest_File>(None)</Manifest_File>
    </PropertyGroup>
    <PropertyGroup Condition="'$(Base_Win32)'!=''">
        <DCC_UsePackage>DBXSqliteDriver;dxPSPrVwRibbonRS25;dxRibbonCustomizationFormRS25;DBXDb2Driver;dxSkinOffice2007PinkRS25;dxSkinMcSkinRS25;vclactnband;vclFireDAC;gtPDFkitD102ProP;cxExportRS25;RemObjects_Server_Synapse_D25;TMSmCLPkgDXE11;dxHttpIndyRequestRS25;tethering;dxSpreadSheetInplaceRichEditRS25;dxPScxCommonRS25;gtRBExpD25;FireDACADSDriver;cxPivotGridOLAPRS25;JvPluginSystem;NexusDB412sq250;OrpheusDR;SysToolsDR;Hydra_RO_D25;FireDACMSSQLDriver;cxSchedulerGridRS25;vcltouch;dxSkinDarkSideRS25;dxSkinDarkRoomRS25;vcldb;Intraweb;svn;VCLTMSFNCCorePkgDXE11;JvBands;JvJans;dxGaugeControlRS25;cxLibraryRS25;JvDotNetCtrls;dxSkinOffice2007SilverRS25;dxSkinBlackRS25;dxSkinOffice2007BlueRS25;vclib;VirtualShellToolsD;dxSkinscxSchedulerPainterRS25;dxSkinOffice2007BlackRS25;FireDACDBXDriver;vcl.gtxDBControlsD102;dxSkinVS2010RS25;vclx;AT.FMX.Controls.Standard;dxSkinFoggyRS25;RemObjects_Synapse_D25;dxSkinSevenRS25;dxSpreadSheetConditionalFormattingDialogsRS25;dxSkinSpringTimeRS25;dxTileControlRS25;dxMapControlRS25;Hydra_VCL_D25;dxDockingRS25;dxPDFViewerRS25;VCLRESTComponents;FMXTMSFNCUIPackPkgDXE11;dxSkinsdxNavBarPainterRS25;dxSkinLilianRS25;cxPageControlRS25;dxPSLnksRS25;dxWizardControlRS25;dxRichEditControlRS25;vclie;NexusDB412se250;bindengine;dxFireDACServerModeRS25;vquery250;FireDACMySQLDriver;JvHMI;AT.FMX.Controls.Advanced;dxSkinOffice2013LightGrayRS25;dxSkinMetropolisRS25;DataSnapClient;dxPSdxPDFViewerLnkRS25;dxSkinOffice2016DarkRS25;bindcompdbx;dxSkinBlueprintRS25;dxSkinStardustRS25;DBXSybaseASEDriver;IndyIPServer;ADODataProvider;AT.Windows.Dialogs;dac250;IndySystem;dxSkinOffice2007GreenRS25;dxPSdxLCLnkRS25;VCLTMSFNCUIPackPkgDXE11;dsnapcon;dxLayoutControlRS25;FireDACDataProvider;FireDACMSAccDriver;fmxFireDAC;FireDACInfxDriver;vclimg;dxPSRichEditControlLnkRS25;dxdbtrRS25;Jcl;gtRaveExpD25;Vcl.gtxStdCtrlsD102;dxPScxTLLnkRS25;emshosting;AT_DX_RibbonProject;dxSkinVisualStudio2013LightRS25;dxSpreadSheetRS25;DataAbstract_DBXDriver_Pro_D25;Hydra_FMX_D25;DBXOdbcDriver;FireDACTDataDriver;FMXTee;DataAbstract_Legacy_D25;dxSkinTheAsphaltWorldRS25;DbxCommonDriver;fmx.gtxControlsD102;dxorgcRS25;cxGridRS25;dxPScxSchedulerLnkRS25;dxSkinHighContrastRS25;JvManagedThreads;xmlrtl;DataSnapNativeClient;fmxobj;unidacfmx250;frx25;rtl;dxPScxGridLnkRS25;DbxClientDriver;dacvcl250;DBXSybaseASADriver;dxPSCoreRS25;JvTimeFramework;dxmdsRS25;JvSystem;JvStdCtrls;gtQRExpD25;dxSkinOffice2016ColorfulRS25;appanalytics;IndyIPClient;bindcompvcl;DataAbstract_SQLiteDriver_D25;dxThemeRS25;dxSkinscxPCPainterRS25;TeeUI;EntityDac;NexusDB412sr250;gtDocEngD25;VclSmp;ATVclActions;JvDocking;FireDACODBCDriver;JvPascalInterpreter;UniDACDataProvider;JclVcl;DataSnapIndy10ServerTransport;gtFRExpD25;DataSnapProviderClient;FireDACMongoDBDriver;cxVerticalGridRS25;dxtrmdRS25;JvControls;JvPrintPreview;vcl.gtxReportExportD102;dxADOServerModeRS25;dxSkinPumpkinRS25;DataSnapServerMidas;dxCoreRS25;vcl.gtxControlsD102;dxSkinValentineRS25;DBXInterBaseDriver;dxRichEditControlCoreRS25;cxSchedulerTreeBrowserRS25;gtXPressExpD25;SysToolsDBDR;NexusDB412ll250;dxSkinOffice2010BlueRS25;svnui;NexusDB412sd250;dxPSTeeChartRS25;JvGlobus;dxSkinMoneyTwinsRS25;frxe25;dxSkinSilverRS25;DBXMSSQLDriver;NexusDB412db250;dxPSdxFCLnkRS25;dxRichEditCoreRS25;DatasnapConnectorsFreePascal;FMX.dclgtxControlsD102;PngComponentsD;JvMM;dxSkinOffice2013WhiteRS25;bindcompfmx;JvNet;DBXOracleDriver;unidac250;inetdb;JvAppFrm;EssentialsDR;VirtualTreesDR;RaizeComponentsVcl;dxOfficeCoreRS25;FmxTeeUI;emsedge;AbbreviaVCLD;fmx;fmxdae;RadiantShapesFmx;RaizeComponentsVclDb;EasyListviewD;frxDB25;NexusDB412pv250;DataAbstract_DBXDriver_Enterprise_D25;frxTee25;Hydra_DX_D25;dxSkinDevExpressDarkStyleRS25;dxSkinBlueRS25;localizer25;dxBarDBNavRS25;dxTabbedMDIRS25;dbexpress;IndyCore;OrpheusDBDR;IBXDataProvider;dxFlowChartRS25;dxSkinsdxDLPainterRS25;dxRichEditDocumentModelRS25;dxPScxPivotGridLnkRS25;dsnap;DataSnapCommon;AT.Windows.Controls.Graphics;CData.Ebay.D25;dxBarRS25;dxPSDBTeeChartRS25;dxSkinLiquidSkyRS25;FMXTMSFNCCorePkgDXE11;dxdborRS25;Hydra_Core_D25;DataSnapConnectors;JvDB;JvPageComps;JvWizards;dxPScxExtCommonRS25;cxPivotGridRS25;dxPSdxSpreadSheetLnkRS25;dxSpreadSheetReportDesignerRS25;dxNavBarRS25;JclDeveloperTools;cxSchedulerRibbonStyleEventEditorRS25;gtAdvGridExpD25;FireDACOracleDriver;DBXMySQLDriver;dxSkinCoffeeRS25;JvCmp;DBXFirebirdDriver;FireDACCommonODBC;dxSkinOffice2010SilverRS25;cxTreeListRS25;dxSkinsdxBarPainterRS25;IndyIPCommon;NexusDB412lg250;gtHtmVwExpD25;dxSkinLondonLiquidSkyRS25;vcl;dxPScxVGridLnkRS25;JvCustom;dxBarExtItemsRS25;JvXPCtrls;dxSkinsCoreRS25;dxComnRS25;FireDACDb2Driver;gtScaleRichVwExpD25;FMXfrxDB25;dxSkinWhiteprintRS25;dxPSdxDBTVLnkRS25;dxSkinVisualStudio2013BlueRS25;dxSkinSharpPlusRS25;dxSkinOffice2013DarkGrayRS25;dxSkinMetropolisDarkRS25;dxSkinGlassOceansRS25;TeeDB;dxSkinCaramelRS25;dxServerModeRS25;dxPScxPCProdRS25;JvCore;DBXDataProvider;JvCrypt;FireDACPgDriver;ibmonitor;FireDACASADriver;ChromeTabs_R;cxEditorsRS25;dxSkiniMaginaryRS25;JvDlgs;JvRuntimeDesign;ibxpress;Tee;DataSnapServer;ibxbindings;dxPsPrVwAdvRS25;vclwinx;FireDACDSDriver;gtRichVwExpD25;cxDataRS25;dxSkinSevenClassicRS25;dxRichEditInplaceRS25;cxTreeListdxBarPopupMenuRS25;CustomIPTransport;vcldsnap;dxPSdxOCLnkRS25;DOSCommandDR;dxSkinSharpRS25;SynEditDR;bindcomp;DBXInformixDriver;crcontrols250;dxSkinVisualStudio2013DarkRS25;cxSchedulerRS25;EurekaLogCore;frce;dxSkinOffice2010BlackRS25;dxBarExtDBItemsRS25;dxSkinDevExpressStyleRS25;dxDBXServerModeRS25;dxGDIPlusRS25;dxPSdxGaugeControlLnkRS25;dxSkinsdxRibbonPainterRS25;cxPivotGridChartRS25;dbxcds;unidacvcl250;adortl;RadiantShapesFmx_Design;DataAbstract_SpiderMonkeyScripting_D25;MPCommonLibD;dacfmx250;dxPSdxDBOCLnkRS25;dxRibbonRS25;gtACEExpD25;dsnapxml;FMXfrx25;dbrtl;inetdbxpress;IndyProtocols;dxSpellCheckerRS25;dxSkinSummer2008RS25;JclContainers;dxPSdxMapControlLnkRS25;dxSkinXmas2008BlueRS25;fmxase;$(DCC_UsePackage)</DCC_UsePackage>
        <DCC_Namespace>Winapi;System.Win;Data.Win;Datasnap.Win;Web.Win;Soap.Win;Xml.Win;Bde;$(DCC_Namespace)</DCC_Namespace>
        <BT_BuildType>Debug</BT_BuildType>
        <VerInfo_IncludeVerInfo>true</VerInfo_IncludeVerInfo>
        <VerInfo_Keys>CompanyName=;FileDescription=$(MSBuildProjectName);FileVersion=1.0.0.0;InternalName=;LegalCopyright=;LegalTrademarks=;OriginalFilename=;ProgramID=com.embarcadero.$(MSBuildProjectName);ProductName=$(MSBuildProjectName);ProductVersion=1.0.0.0;Comments=</VerInfo_Keys>
        <VerInfo_Locale>1033</VerInfo_Locale>
        <Manifest_File>$(BDS)\bin\default_app.manifest</Manifest_File>
        <UWP_DelphiLogo44>$(BDS)\bin\Artwork\Windows\UWP\delphi_UwpDefault_44.png</UWP_DelphiLogo44>
        <UWP_DelphiLogo150>$(BDS)\bin\Artwork\Windows\UWP\delphi_UwpDefault_150.png</UWP_DelphiLogo150>
    </PropertyGroup>
    <PropertyGroup Condition="'$(Base_Win64)'!=''">
        <DCC_UsePackage>DBXSqliteDriver;dxPSPrVwRibbonRS25;dxRibbonCustomizationFormRS25;DBXDb2Driver;dxSkinOffice2007PinkRS25;dxSkinMcSkinRS25;vclactnband;vclFireDAC;cxExportRS25;RemObjects_Server_Synapse_D25;dxHttpIndyRequestRS25;tethering;dxSpreadSheetInplaceRichEditRS25;dxPScxCommonRS25;FireDACADSDriver;cxPivotGridOLAPRS25;NexusDB412sq250;OrpheusDR;SysToolsDR;FireDACMSSQLDriver;cxSchedulerGridRS25;vcltouch;dxSkinDarkSideRS25;dxSkinDarkRoomRS25;vcldb;Intraweb;VCLTMSFNCCorePkgDXE11;dxGaugeControlRS25;cxLibraryRS25;dxSkinOffice2007SilverRS25;dxSkinBlackRS25;dxSkinOffice2007BlueRS25;vclib;VirtualShellToolsD;dxSkinscxSchedulerPainterRS25;dxSkinOffice2007BlackRS25;FireDACDBXDriver;dxSkinVS2010RS25;vclx;AT.FMX.Controls.Standard;dxSkinFoggyRS25;RemObjects_Synapse_D25;dxSkinSevenRS25;dxSpreadSheetConditionalFormattingDialogsRS25;dxSkinSpringTimeRS25;dxTileControlRS25;dxMapControlRS25;Hydra_VCL_D25;dxDockingRS25;dxPDFViewerRS25;VCLRESTComponents;FMXTMSFNCUIPackPkgDXE11;dxSkinsdxNavBarPainterRS25;dxSkinLilianRS25;cxPageControlRS25;dxPSLnksRS25;dxWizardControlRS25;dxRichEditControlRS25;vclie;NexusDB412se250;bindengine;dxFireDACServerModeRS25;FireDACMySQLDriver;AT.FMX.Controls.Advanced;dxSkinOffice2013LightGrayRS25;dxSkinMetropolisRS25;DataSnapClient;dxPSdxPDFViewerLnkRS25;dxSkinOffice2016DarkRS25;bindcompdbx;dxSkinBlueprintRS25;dxSkinStardustRS25;DBXSybaseASEDriver;IndyIPServer;IndySystem;dxSkinOffice2007GreenRS25;dxPSdxLCLnkRS25;VCLTMSFNCUIPackPkgDXE11;dsnapcon;dxLayoutControlRS25;FireDACMSAccDriver;fmxFireDAC;FireDACInfxDriver;vclimg;dxPSRichEditControlLnkRS25;dxdbtrRS25;dxPScxTLLnkRS25;emshosting;dxSkinVisualStudio2013LightRS25;dxSpreadSheetRS25;DataAbstract_DBXDriver_Pro_D25;Hydra_FMX_D25;DBXOdbcDriver;FireDACTDataDriver;FMXTee;dxSkinTheAsphaltWorldRS25;DbxCommonDriver;dxorgcRS25;cxGridRS25;dxPScxSchedulerLnkRS25;dxSkinHighContrastRS25;xmlrtl;DataSnapNativeClient;fmxobj;rtl;dxPScxGridLnkRS25;DbxClientDriver;DBXSybaseASADriver;dxPSCoreRS25;dxmdsRS25;dxSkinOffice2016ColorfulRS25;appanalytics;IndyIPClient;bindcompvcl;DataAbstract_SQLiteDriver_D25;dxThemeRS25;dxSkinscxPCPainterRS25;TeeUI;NexusDB412sr250;VclSmp;ATVclActions;FireDACODBCDriver;DataSnapIndy10ServerTransport;DataSnapProviderClient;FireDACMongoDBDriver;cxVerticalGridRS25;dxtrmdRS25;dxADOServerModeRS25;dxSkinPumpkinRS25;DataSnapServerMidas;dxCoreRS25;dxSkinValentineRS25;DBXInterBaseDriver;dxRichEditControlCoreRS25;cxSchedulerTreeBrowserRS25;SysToolsDBDR;NexusDB412ll250;dxSkinOffice2010BlueRS25;NexusDB412sd250;dxPSTeeChartRS25;dxSkinMoneyTwinsRS25;dxSkinSilverRS25;DBXMSSQLDriver;NexusDB412db250;dxPSdxFCLnkRS25;dxRichEditCoreRS25;DatasnapConnectorsFreePascal;PngComponentsD;dxSkinOffice2013WhiteRS25;bindcompfmx;DBXOracleDriver;inetdb;EssentialsDR;VirtualTreesDR;RaizeComponentsVcl;dxOfficeCoreRS25;FmxTeeUI;emsedge;AbbreviaVCLD;fmx;fmxdae;RadiantShapesFmx;RaizeComponentsVclDb;EasyListviewD;NexusDB412pv250;DataAbstract_DBXDriver_Enterprise_D25;Hydra_DX_D25;dxSkinDevExpressDarkStyleRS25;dxSkinBlueRS25;dxBarDBNavRS25;dxTabbedMDIRS25;dbexpress;IndyCore;OrpheusDBDR;dxFlowChartRS25;dxSkinsdxDLPainterRS25;dxRichEditDocumentModelRS25;dxPScxPivotGridLnkRS25;dsnap;DataSnapCommon;CData.Ebay.D25;dxBarRS25;dxPSDBTeeChartRS25;dxSkinLiquidSkyRS25;FMXTMSFNCCorePkgDXE11;dxdborRS25;Hydra_Core_D25;DataSnapConnectors;dxPScxExtCommonRS25;cxPivotGridRS25;dxPSdxSpreadSheetLnkRS25;dxSpreadSheetReportDesignerRS25;dxNavBarRS25;cxSchedulerRibbonStyleEventEditorRS25;FireDACOracleDriver;DBXMySQLDriver;dxSkinCoffeeRS25;DBXFirebirdDriver;FireDACCommonODBC;dxSkinOffice2010SilverRS25;cxTreeListRS25;dxSkinsdxBarPainterRS25;IndyIPCommon;NexusDB412lg250;dxSkinLondonLiquidSkyRS25;vcl;dxPScxVGridLnkRS25;dxBarExtItemsRS25;dxSkinsCoreRS25;dxComnRS25;FireDACDb2Driver;dxSkinWhiteprintRS25;dxPSdxDBTVLnkRS25;dxSkinVisualStudio2013BlueRS25;dxSkinSharpPlusRS25;dxSkinOffice2013DarkGrayRS25;dxSkinMetropolisDarkRS25;dxSkinGlassOceansRS25;TeeDB;dxSkinCaramelRS25;dxServerModeRS25;dxPScxPCProdRS25;FireDACPgDriver;ibmonitor;FireDACASADriver;ChromeTabs_R;cxEditorsRS25;dxSkiniMaginaryRS25;ibxpress;Tee;DataSnapServer;ibxbindings;dxPsPrVwAdvRS25;vclwinx;FireDACDSDriver;cxDataRS25;dxSkinSevenClassicRS25;dxRichEditInplaceRS25;cxTreeListdxBarPopupMenuRS25;CustomIPTransport;vcldsnap;dxPSdxOCLnkRS25;DOSCommandDR;dxSkinSharpRS25;SynEditDR;bindcomp;DBXInformixDriver;dxSkinVisualStudio2013DarkRS25;cxSchedulerRS25;dxSkinOffice2010BlackRS25;dxBarExtDBItemsRS25;dxSkinDevExpressStyleRS25;dxDBXServerModeRS25;dxGDIPlusRS25;dxPSdxGaugeControlLnkRS25;dxSkinsdxRibbonPainterRS25;cxPivotGridChartRS25;dbxcds;adortl;DataAbstract_SpiderMonkeyScripting_D25;MPCommonLibD;dxPSdxDBOCLnkRS25;dxRibbonRS25;dsnapxml;dbrtl;inetdbxpress;IndyProtocols;dxSpellCheckerRS25;dxSkinSummer2008RS25;dxPSdxMapControlLnkRS25;dxSkinXmas2008BlueRS25;fmxase;$(DCC_UsePackage)</DCC_UsePackage>
        <DCC_Namespace>Winapi;System.Win;Data.Win;Datasnap.Win;Web.Win;Soap.Win;Xml.Win;$(DCC_Namespace)</DCC_Namespace>
        <BT_BuildType>Debug</BT_BuildType>
        <VerInfo_IncludeVerInfo>true</VerInfo_IncludeVerInfo>
        <VerInfo_Keys>CompanyName=;FileDescription=$(MSBuildProjectName);FileVersion=1.0.0.0;InternalName=;LegalCopyright=;LegalTrademarks=;OriginalFilename=;ProgramID=com.embarcadero.$(MSBuildProjectName);ProductName=$(MSBuildProjectName);ProductVersion=1.0.0.0;Comments=</VerInfo_Keys>
        <VerInfo_Locale>1033</VerInfo_Locale>
        <Manifest_File>$(BDS)\bin\default_app.manifest</Manifest_File>
        <UWP_DelphiLogo44>$(BDS)\bin\Artwork\Windows\UWP\delphi_UwpDefault_44.png</UWP_DelphiLogo44>
        <UWP_DelphiLogo150>$(BDS)\bin\Artwork\Windows\UWP\delphi_UwpDefault_150.png</UWP_DelphiLogo150>
    </PropertyGroup>
    <PropertyGroup Condition="'$(Cfg_1)'!=''">
        <DCC_Define>DEBUG;$(DCC_Define)</DCC_Define>
        <DCC_DebugDCUs>true</DCC_DebugDCUs>
        <DCC_Optimize>false</DCC_Optimize>
        <DCC_GenerateStackFrames>true</DCC_GenerateStackFrames>
        <DCC_DebugInfoInExe>true</DCC_DebugInfoInExe>
        <DCC_RemoteDebug>true</DCC_RemoteDebug>
    </PropertyGroup>
    <PropertyGroup Condition="'$(Cfg_1_Linux64)'!=''">
        <Debugger_Launcher>/usr/bin/xterm -e &quot;%debuggee%&quot;</Debugger_Launcher>
        <UWP_DelphiLogo44>$(BDS)\bin\Artwork\Windows\UWP\delphi_UwpDefault_44.png</UWP_DelphiLogo44>
        <UWP_DelphiLogo150>$(BDS)\bin\Artwork\Windows\UWP\delphi_UwpDefault_150.png</UWP_DelphiLogo150>
    </PropertyGroup>
    <PropertyGroup Condition="'$(Cfg_1_OSX32)'!=''">
        <Debugger_Launcher>/usr/X11/bin/xterm -e &quot;%debuggee%&quot;</Debugger_Launcher>
        <VerInfo_IncludeVerInfo>true</VerInfo_IncludeVerInfo>
        <UWP_DelphiLogo44>$(BDS)\bin\Artwork\Windows\UWP\delphi_UwpDefault_44.png</UWP_DelphiLogo44>
        <UWP_DelphiLogo150>$(BDS)\bin\Artwork\Windows\UWP\delphi_UwpDefault_150.png</UWP_DelphiLogo150>
        <VerInfo_Build>13</VerInfo_Build>
        <VerInfo_Keys>CFBundleName=$(MSBuildProjectName);CFBundleDisplayName=$(MSBuildProjectName);CFBundleIdentifier=$(MSBuildProjectName);CFBundleVersion=1.0.0;CFBundlePackageType=APPL;CFBundleSignature=????;CFBundleAllowMixedLocalizations=YES;CFBundleExecutable=$(MSBuildProjectName);NSHighResolutionCapable=true;LSApplicationCategoryType=public.app-category.utilities;NSLocationAlwaysUsageDescription=The reason for accessing the location information of the user;NSLocationWhenInUseUsageDescription=The reason for accessing the location information of the user;NSContactsUsageDescription=The reason for accessing the contacts;FileVersion=1.0.0.13;LastCompiledTime=2017-10-11 16:55:44</VerInfo_Keys>
    </PropertyGroup>
    <PropertyGroup Condition="'$(Cfg_1_Win32)'!=''">
        <DCC_RemoteDebug>false</DCC_RemoteDebug>
        <AppEnableRuntimeThemes>true</AppEnableRuntimeThemes>
        <AppEnableHighDPI>true</AppEnableHighDPI>
        <VerInfo_IncludeVerInfo>true</VerInfo_IncludeVerInfo>
        <VerInfo_Locale>1033</VerInfo_Locale>
        <DCC_MapFile>3</DCC_MapFile>
        <DCC_Define>EUREKALOG;EUREKALOG_VER7;$(DCC_Define)</DCC_Define>
        <VerInfo_Build>1</VerInfo_Build>
        <VerInfo_Keys>CompanyName=;FileDescription=$(MSBuildProjectName);FileVersion=1.0.0.1;InternalName=;LegalCopyright=;LegalTrademarks=;OriginalFilename=;ProgramID=com.embarcadero.$(MSBuildProjectName);ProductName=$(MSBuildProjectName);ProductVersion=1.0.0.0;Comments=;LastCompiledTime=2017-10-10 11:52:39</VerInfo_Keys>
    </PropertyGroup>
    <PropertyGroup Condition="'$(Cfg_1_Win64)'!=''">
        <AppEnableRuntimeThemes>true</AppEnableRuntimeThemes>
        <AppEnableHighDPI>true</AppEnableHighDPI>
        <VerInfo_IncludeVerInfo>true</VerInfo_IncludeVerInfo>
        <VerInfo_Locale>1033</VerInfo_Locale>
        <DCC_MapFile>3</DCC_MapFile>
        <DCC_Define>EUREKALOG;EUREKALOG_VER7;$(DCC_Define)</DCC_Define>
        <VerInfo_Build>2</VerInfo_Build>
        <VerInfo_Keys>CompanyName=;FileDescription=$(MSBuildProjectName);FileVersion=1.0.0.2;InternalName=;LegalCopyright=;LegalTrademarks=;OriginalFilename=;ProgramID=com.embarcadero.$(MSBuildProjectName);ProductName=$(MSBuildProjectName);ProductVersion=1.0.0.0;Comments=;LastCompiledTime=2017-10-11 17:06:00</VerInfo_Keys>
    </PropertyGroup>
    <PropertyGroup Condition="'$(Cfg_2)'!=''">
        <DCC_LocalDebugSymbols>false</DCC_LocalDebugSymbols>
        <DCC_Define>RELEASE;$(DCC_Define)</DCC_Define>
        <DCC_SymbolReferenceInfo>0</DCC_SymbolReferenceInfo>
        <DCC_DebugInformation>0</DCC_DebugInformation>
    </PropertyGroup>
    <PropertyGroup Condition="'$(Cfg_2_Linux64)'!=''">
        <UWP_DelphiLogo44>$(BDS)\bin\Artwork\Windows\UWP\delphi_UwpDefault_44.png</UWP_DelphiLogo44>
        <UWP_DelphiLogo150>$(BDS)\bin\Artwork\Windows\UWP\delphi_UwpDefault_150.png</UWP_DelphiLogo150>
    </PropertyGroup>
    <PropertyGroup Condition="'$(Cfg_2_OSX32)'!=''">
        <VerInfo_IncludeVerInfo>true</VerInfo_IncludeVerInfo>
        <UWP_DelphiLogo44>$(BDS)\bin\Artwork\Windows\UWP\delphi_UwpDefault_44.png</UWP_DelphiLogo44>
        <UWP_DelphiLogo150>$(BDS)\bin\Artwork\Windows\UWP\delphi_UwpDefault_150.png</UWP_DelphiLogo150>
    </PropertyGroup>
    <PropertyGroup Condition="'$(Cfg_2_Win32)'!=''">
        <AppEnableRuntimeThemes>true</AppEnableRuntimeThemes>
        <AppEnableHighDPI>true</AppEnableHighDPI>
        <VerInfo_IncludeVerInfo>true</VerInfo_IncludeVerInfo>
        <VerInfo_Locale>1033</VerInfo_Locale>
    </PropertyGroup>
    <PropertyGroup Condition="'$(Cfg_2_Win64)'!=''">
        <AppEnableRuntimeThemes>true</AppEnableRuntimeThemes>
        <AppEnableHighDPI>true</AppEnableHighDPI>
        <VerInfo_IncludeVerInfo>true</VerInfo_IncludeVerInfo>
        <VerInfo_Locale>1033</VerInfo_Locale>
    </PropertyGroup>
    <ItemGroup>
        <DelphiCompile Include="$(MainSource)">
            <MainSource>MainSource</MainSource>
        </DelphiCompile>
        <DCCReference Include="Code Files\AT.ShortName.Attribs.pas"/>
        <DCCReference Include="Code Files\AT.ShortName.Config.Consts.pas"/>
        <DCCReference Include="Code Files\AT.ShortName.Config.pas"/>
        <DCCReference Include="Code Files\AT.ShortName.Consts.pas"/>
        <DCCReference Include="Code Files\AT.ShortName.ObjectServices.pas"/>
        <DCCReference Include="Code Files\AT.ShortName.ResourceStrings.pas"/>
        <DCCReference Include="Code Files\AT.ShortName.Types.pas"/>
        <DCCReference Include="Code Files\AT.ShortName.Intf.pas"/>
        <DCCReference Include="Data Modules\AT.ShortName.DM.Actions.pas">
            <Form>dmActions</Form>
            <DesignClass>TDataModule</DesignClass>
        </DCCReference>
        <DCCReference Include="Data Modules\AT.ShortName.DM.Images.pas">
            <Form>dmImages</Form>
            <DesignClass>TDataModule</DesignClass>
        </DCCReference>
        <DCCReference Include="Forms\AT.ShortName.FMX.Forms.OSX.Controller.pas">
            <Form>frmOSXController</Form>
        </DCCReference>
        <DCCReference Include="Forms\AT.ShortName.FMX.Forms.Main.pas">
            <Form>frmMain</Form>
        </DCCReference>
        <BuildConfiguration Include="Release">
            <Key>Cfg_2</Key>
            <CfgParent>Base</CfgParent>
        </BuildConfiguration>
        <BuildConfiguration Include="Base">
            <Key>Base</Key>
        </BuildConfiguration>
        <BuildConfiguration Include="Debug">
            <Key>Cfg_1</Key>
            <CfgParent>Base</CfgParent>
        </BuildConfiguration>
    </ItemGroup>
    <ProjectExtensions>
        <Borland.Personality>Delphi.Personality.12</Borland.Personality>
        <Borland.ProjectType>Application</Borland.ProjectType>
        <BorlandProject>
            <Delphi.Personality>
                <Source>
                    <Source Name="MainSource">ProjectName.dpr</Source>
                </Source>
                <Excluded_Packages>
                    <Excluded_Packages Name="$(BDSBIN)\bcboffice2k250.bpl">Embarcadero C++Builder Office 2000 Servers Package</Excluded_Packages>
                    <Excluded_Packages Name="$(BDSBIN)\bcbofficexp250.bpl">Embarcadero C++Builder Office XP Servers Package</Excluded_Packages>
                    <Excluded_Packages Name="$(BDSBIN)\dcloffice2k250.bpl">Microsoft Office 2000 Sample Automation Server Wrapper Components</Excluded_Packages>
                    <Excluded_Packages Name="$(BDSBIN)\dclofficexp250.bpl">Microsoft Office XP Sample Automation Server Wrapper Components</Excluded_Packages>
                    <Excluded_Packages Name="C:\Users\Public\Documents\Embarcadero\Studio\19.0\Bpl\TMSmCLPkgDXE11.bpl">File C:\Users\Public\Documents\Embarcadero\Studio\19.0\Bpl\TMSmCLPkgDXE11.bpl not found</Excluded_Packages>
                    <Excluded_Packages Name="C:\Users\Public\Documents\Embarcadero\Studio\19.0\Bpl\TMSmCLPkgDEDXE11.bpl">File C:\Users\Public\Documents\Embarcadero\Studio\19.0\Bpl\TMSmCLPkgDEDXE11.bpl not found</Excluded_Packages>
                    <Excluded_Packages Name="C:\Users\Public\Documents\Embarcadero\Studio\19.0\Bpl\TMSFMXPackPkgDXE11.bpl">File C:\Users\Public\Documents\Embarcadero\Studio\19.0\Bpl\TMSFMXPackPkgDXE11.bpl not found</Excluded_Packages>
                    <Excluded_Packages Name="C:\Users\Public\Documents\Embarcadero\Studio\19.0\Bpl\TMSFMXPackPkgDEDXE11.bpl">File C:\Users\Public\Documents\Embarcadero\Studio\19.0\Bpl\TMSFMXPackPkgDEDXE11.bpl not found</Excluded_Packages>
                    <Excluded_Packages Name="C:\Users\Public\Documents\Embarcadero\Studio\19.0\Bpl\TMSFMXChartPkgDXE11.bpl">File C:\Users\Public\Documents\Embarcadero\Studio\19.0\Bpl\TMSFMXChartPkgDXE11.bpl not found</Excluded_Packages>
                    <Excluded_Packages Name="C:\Users\Public\Documents\Embarcadero\Studio\19.0\Bpl\TMSFMXChartPkgDEDXE11.bpl">File C:\Users\Public\Documents\Embarcadero\Studio\19.0\Bpl\TMSFMXChartPkgDEDXE11.bpl not found</Excluded_Packages>
                </Excluded_Packages>
            </Delphi.Personality>
            <Deployment Version="3">
                <DeployFile LocalName="..\Output\Win64\Debug\Bin\ProjectName.exe" Configuration="Debug" Class="ProjectOutput">
                    <Platform Name="Win64">
                        <RemoteName>ProjectName.exe</RemoteName>
                        <Overwrite>true</Overwrite>
                    </Platform>
                </DeployFile>
                <DeployFile LocalName="..\Output\Win32\Debug\Bin\ProjectName.exe" Configuration="Debug" Class="ProjectOutput">
                    <Platform Name="Win32">
                        <RemoteName>ProjectName.exe</RemoteName>
                        <Overwrite>true</Overwrite>
                    </Platform>
                </DeployFile>
                <DeployFile LocalName="c:\program files (x86)\embarcadero\studio\19.0\bin\Artwork\Windows\UWP\delphi_UwpDefault_44.png" Configuration="Debug" Class="UWP_DelphiLogo44">
                    <Platform Name="OSX32">
                        <RemoteDir>Assets\</RemoteDir>
                        <RemoteName>Logo44x44.png</RemoteName>
                        <Overwrite>true</Overwrite>
                    </Platform>
                </DeployFile>
                <DeployFile LocalName="c:\program files (x86)\embarcadero\studio\19.0\bin\Artwork\Windows\UWP\delphi_UwpDefault_150.png" Configuration="Debug" Class="UWP_DelphiLogo150">
                    <Platform Name="Linux64">
                        <RemoteDir>Assets\</RemoteDir>
                        <RemoteName>Logo150x150.png</RemoteName>
                        <Overwrite>true</Overwrite>
                    </Platform>
                </DeployFile>
                <DeployFile LocalName="$(BDS)\bin\delphi_PROJECTICNS.icns" Configuration="Debug" Class="ProjectOSXResource">
                    <Platform Name="OSX32">
                        <RemoteName>ProjectName.icns</RemoteName>
                        <Overwrite>true</Overwrite>
                    </Platform>
                </DeployFile>
                <DeployFile LocalName="$(BDS)\Redist\osx32\libcgsqlite3.dylib" Class="DependencyModule">
                    <Platform Name="OSX32">
                        <Overwrite>true</Overwrite>
                    </Platform>
                </DeployFile>
                <DeployFile LocalName="c:\program files (x86)\embarcadero\studio\19.0\bin\Artwork\Windows\UWP\delphi_UwpDefault_44.png" Configuration="Debug" Class="UWP_DelphiLogo44">
                    <Platform Name="Linux64">
                        <RemoteDir>Assets\</RemoteDir>
                        <RemoteName>Logo44x44.png</RemoteName>
                        <Overwrite>true</Overwrite>
                    </Platform>
                </DeployFile>
                <DeployFile LocalName="c:\program files (x86)\embarcadero\studio\19.0\bin\Artwork\Windows\UWP\delphi_UwpDefault_150.png" Configuration="Debug" Class="UWP_DelphiLogo150">
                    <Platform Name="OSX32">
                        <RemoteDir>Assets\</RemoteDir>
                        <RemoteName>Logo150x150.png</RemoteName>
                        <Overwrite>true</Overwrite>
                    </Platform>
                </DeployFile>
                <DeployFile LocalName="$(BDS)\Redist\iossimulator\libcgunwind.1.0.dylib" Class="DependencyModule">
                    <Platform Name="iOSSimulator">
                        <Overwrite>true</Overwrite>
                    </Platform>
                </DeployFile>
                <DeployFile LocalName="..\Output\OSX32\Debug\Bin\ProjectName" Configuration="Debug" Class="ProjectOutput">
                    <Platform Name="OSX32">
                        <RemoteName>ProjectName</RemoteName>
                        <Overwrite>true</Overwrite>
                    </Platform>
                </DeployFile>
                <DeployFile LocalName="$(BDS)\Redist\osx32\libcgunwind.1.0.dylib" Class="DependencyModule">
                    <Platform Name="OSX32">
                        <Overwrite>true</Overwrite>
                    </Platform>
                </DeployFile>
                <DeployFile LocalName="$(fmxlinux)\Redist\libfmux.so">
                    <Platform Name="Linux64">
                        <Overwrite>true</Overwrite>
                    </Platform>
                </DeployFile>
                <DeployFile LocalName="..\Output\Linux64\Debug\Bin\ProjectName" Configuration="Debug" Class="ProjectOutput">
                    <Platform Name="Linux64">
                        <RemoteName>ProjectName</RemoteName>
                        <Overwrite>true</Overwrite>
                    </Platform>
                </DeployFile>
                <DeployFile LocalName="$(BDS)\Redist\iossimulator\libPCRE.dylib" Class="DependencyModule">
                    <Platform Name="iOSSimulator">
                        <Overwrite>true</Overwrite>
                    </Platform>
                </DeployFile>
                <DeployFile LocalName="..\Output\OSX32\Debug\Bin\ProjectName.entitlements" Configuration="Debug" Class="ProjectOSXEntitlements">
                    <Platform Name="OSX32">
                        <Overwrite>true</Overwrite>
                    </Platform>
                </DeployFile>
                <DeployFile LocalName="..\Output\OSX32\Debug\Bin\ProjectName.rsm" Configuration="Debug" Class="DebugSymbols">
                    <Platform Name="OSX32">
                        <RemoteDir>Contents\MacOS\</RemoteDir>
                        <RemoteName>ProjectName.rsm</RemoteName>
                        <Overwrite>true</Overwrite>
                    </Platform>
                </DeployFile>
                <DeployFile LocalName="..\Output\OSX32\Debug\Bin\ProjectName.info.plist" Configuration="Debug" Class="ProjectOSXInfoPList">
                    <Platform Name="OSX32">
                        <RemoteName>Info.plist</RemoteName>
                        <Overwrite>true</Overwrite>
                    </Platform>
                </DeployFile>
                <DeployClass Name="AdditionalDebugSymbols">
                    <Platform Name="iOSSimulator">
                        <Operation>1</Operation>
                    </Platform>
                    <Platform Name="OSX32">
                        <RemoteDir>Contents\MacOS</RemoteDir>
                        <Operation>1</Operation>
                    </Platform>
                    <Platform Name="Win32">
                        <RemoteDir>Contents\MacOS</RemoteDir>
                        <Operation>0</Operation>
                    </Platform>
                </DeployClass>
                <DeployClass Name="AndroidClassesDexFile">
                    <Platform Name="Android">
                        <RemoteDir>classes</RemoteDir>
                        <Operation>1</Operation>
                    </Platform>
                </DeployClass>
                <DeployClass Name="AndroidGDBServer">
                    <Platform Name="Android">
                        <RemoteDir>library\lib\armeabi-v7a</RemoteDir>
                        <Operation>1</Operation>
                    </Platform>
                </DeployClass>
                <DeployClass Name="AndroidLibnativeArmeabiFile">
                    <Platform Name="Android">
                        <RemoteDir>library\lib\armeabi</RemoteDir>
                        <Operation>1</Operation>
                    </Platform>
                </DeployClass>
                <DeployClass Name="AndroidLibnativeMipsFile">
                    <Platform Name="Android">
                        <RemoteDir>library\lib\mips</RemoteDir>
                        <Operation>1</Operation>
                    </Platform>
                </DeployClass>
                <DeployClass Name="AndroidServiceOutput">
                    <Platform Name="Android">
                        <RemoteDir>library\lib\armeabi-v7a</RemoteDir>
                        <Operation>1</Operation>
                    </Platform>
                </DeployClass>
                <DeployClass Name="AndroidSplashImageDef">
                    <Platform Name="Android">
                        <RemoteDir>res\drawable</RemoteDir>
                        <Operation>1</Operation>
                    </Platform>
                </DeployClass>
                <DeployClass Name="AndroidSplashStyles">
                    <Platform Name="Android">
                        <RemoteDir>res\values</RemoteDir>
                        <Operation>1</Operation>
                    </Platform>
                </DeployClass>
                <DeployClass Name="Android_DefaultAppIcon">
                    <Platform Name="Android">
                        <RemoteDir>res\drawable</RemoteDir>
                        <Operation>1</Operation>
                    </Platform>
                </DeployClass>
                <DeployClass Name="Android_LauncherIcon144">
                    <Platform Name="Android">
                        <RemoteDir>res\drawable-xxhdpi</RemoteDir>
                        <Operation>1</Operation>
                    </Platform>
                </DeployClass>
                <DeployClass Name="Android_LauncherIcon36">
                    <Platform Name="Android">
                        <RemoteDir>res\drawable-ldpi</RemoteDir>
                        <Operation>1</Operation>
                    </Platform>
                </DeployClass>
                <DeployClass Name="Android_LauncherIcon48">
                    <Platform Name="Android">
                        <RemoteDir>res\drawable-mdpi</RemoteDir>
                        <Operation>1</Operation>
                    </Platform>
                </DeployClass>
                <DeployClass Name="Android_LauncherIcon72">
                    <Platform Name="Android">
                        <RemoteDir>res\drawable-hdpi</RemoteDir>
                        <Operation>1</Operation>
                    </Platform>
                </DeployClass>
                <DeployClass Name="Android_LauncherIcon96">
                    <Platform Name="Android">
                        <RemoteDir>res\drawable-xhdpi</RemoteDir>
                        <Operation>1</Operation>
                    </Platform>
                </DeployClass>
                <DeployClass Name="Android_SplashImage426">
                    <Platform Name="Android">
                        <RemoteDir>res\drawable-small</RemoteDir>
                        <Operation>1</Operation>
                    </Platform>
                </DeployClass>
                <DeployClass Name="Android_SplashImage470">
                    <Platform Name="Android">
                        <RemoteDir>res\drawable-normal</RemoteDir>
                        <Operation>1</Operation>
                    </Platform>
                </DeployClass>
                <DeployClass Name="Android_SplashImage640">
                    <Platform Name="Android">
                        <RemoteDir>res\drawable-large</RemoteDir>
                        <Operation>1</Operation>
                    </Platform>
                </DeployClass>
                <DeployClass Name="Android_SplashImage960">
                    <Platform Name="Android">
                        <RemoteDir>res\drawable-xlarge</RemoteDir>
                        <Operation>1</Operation>
                    </Platform>
                </DeployClass>
                <DeployClass Name="DebugSymbols">
                    <Platform Name="iOSSimulator">
                        <Operation>1</Operation>
                    </Platform>
                    <Platform Name="OSX32">
                        <RemoteDir>Contents\MacOS</RemoteDir>
                        <Operation>1</Operation>
                    </Platform>
                    <Platform Name="Win32">
                        <Operation>0</Operation>
                    </Platform>
                </DeployClass>
                <DeployClass Name="DependencyFramework">
                    <Platform Name="OSX32">
                        <RemoteDir>Contents\MacOS</RemoteDir>
                        <Operation>1</Operation>
                        <Extensions>.framework</Extensions>
                    </Platform>
                    <Platform Name="Win32">
                        <Operation>0</Operation>
                    </Platform>
                </DeployClass>
                <DeployClass Name="DependencyModule">
                    <Platform Name="iOSDevice32">
                        <Operation>1</Operation>
                        <Extensions>.dylib</Extensions>
                    </Platform>
                    <Platform Name="iOSDevice64">
                        <Operation>1</Operation>
                        <Extensions>.dylib</Extensions>
                    </Platform>
                    <Platform Name="iOSSimulator">
                        <Operation>1</Operation>
                        <Extensions>.dylib</Extensions>
                    </Platform>
                    <Platform Name="OSX32">
                        <RemoteDir>Contents\MacOS</RemoteDir>
                        <Operation>1</Operation>
                        <Extensions>.dylib</Extensions>
                    </Platform>
                    <Platform Name="Win32">
                        <Operation>0</Operation>
                        <Extensions>.dll;.bpl</Extensions>
                    </Platform>
                </DeployClass>
                <DeployClass Required="true" Name="DependencyPackage">
                    <Platform Name="iOSDevice32">
                        <Operation>1</Operation>
                        <Extensions>.dylib</Extensions>
                    </Platform>
                    <Platform Name="iOSDevice64">
                        <Operation>1</Operation>
                        <Extensions>.dylib</Extensions>
                    </Platform>
                    <Platform Name="iOSSimulator">
                        <Operation>1</Operation>
                        <Extensions>.dylib</Extensions>
                    </Platform>
                    <Platform Name="OSX32">
                        <RemoteDir>Contents\MacOS</RemoteDir>
                        <Operation>1</Operation>
                        <Extensions>.dylib</Extensions>
                    </Platform>
                    <Platform Name="Win32">
                        <Operation>0</Operation>
                        <Extensions>.bpl</Extensions>
                    </Platform>
                </DeployClass>
                <DeployClass Name="File">
                    <Platform Name="Android">
                        <Operation>0</Operation>
                    </Platform>
                    <Platform Name="iOSDevice32">
                        <Operation>0</Operation>
                    </Platform>
                    <Platform Name="iOSDevice64">
                        <Operation>0</Operation>
                    </Platform>
                    <Platform Name="iOSSimulator">
                        <Operation>0</Operation>
                    </Platform>
                    <Platform Name="OSX32">
                        <RemoteDir>Contents\Resources\StartUp\</RemoteDir>
                        <Operation>0</Operation>
                    </Platform>
                    <Platform Name="Win32">
                        <Operation>0</Operation>
                    </Platform>
                </DeployClass>
                <DeployClass Name="iPad_Launch1024">
                    <Platform Name="iOSDevice32">
                        <Operation>1</Operation>
                    </Platform>
                    <Platform Name="iOSDevice64">
                        <Operation>1</Operation>
                    </Platform>
                    <Platform Name="iOSSimulator">
                        <Operation>1</Operation>
                    </Platform>
                </DeployClass>
                <DeployClass Name="iPad_Launch1536">
                    <Platform Name="iOSDevice32">
                        <Operation>1</Operation>
                    </Platform>
                    <Platform Name="iOSDevice64">
                        <Operation>1</Operation>
                    </Platform>
                    <Platform Name="iOSSimulator">
                        <Operation>1</Operation>
                    </Platform>
                </DeployClass>
                <DeployClass Name="iPad_Launch2048">
                    <Platform Name="iOSDevice32">
                        <Operation>1</Operation>
                    </Platform>
                    <Platform Name="iOSDevice64">
                        <Operation>1</Operation>
                    </Platform>
                    <Platform Name="iOSSimulator">
                        <Operation>1</Operation>
                    </Platform>
                </DeployClass>
                <DeployClass Name="iPad_Launch768">
                    <Platform Name="iOSDevice32">
                        <Operation>1</Operation>
                    </Platform>
                    <Platform Name="iOSDevice64">
                        <Operation>1</Operation>
                    </Platform>
                    <Platform Name="iOSSimulator">
                        <Operation>1</Operation>
                    </Platform>
                </DeployClass>
                <DeployClass Name="iPhone_Launch320">
                    <Platform Name="iOSDevice32">
                        <Operation>1</Operation>
                    </Platform>
                    <Platform Name="iOSDevice64">
                        <Operation>1</Operation>
                    </Platform>
                    <Platform Name="iOSSimulator">
                        <Operation>1</Operation>
                    </Platform>
                </DeployClass>
                <DeployClass Name="iPhone_Launch640">
                    <Platform Name="iOSDevice32">
                        <Operation>1</Operation>
                    </Platform>
                    <Platform Name="iOSDevice64">
                        <Operation>1</Operation>
                    </Platform>
                    <Platform Name="iOSSimulator">
                        <Operation>1</Operation>
                    </Platform>
                </DeployClass>
                <DeployClass Name="iPhone_Launch640x1136">
                    <Platform Name="iOSDevice32">
                        <Operation>1</Operation>
                    </Platform>
                    <Platform Name="iOSDevice64">
                        <Operation>1</Operation>
                    </Platform>
                    <Platform Name="iOSSimulator">
                        <Operation>1</Operation>
                    </Platform>
                </DeployClass>
                <DeployClass Name="ProjectAndroidManifest">
                    <Platform Name="Android">
                        <Operation>1</Operation>
                    </Platform>
                </DeployClass>
                <DeployClass Name="ProjectiOSDeviceDebug">
                    <Platform Name="iOSDevice32">
                        <RemoteDir>..\$(PROJECTNAME).app.dSYM\Contents\Resources\DWARF</RemoteDir>
                        <Operation>1</Operation>
                    </Platform>
                    <Platform Name="iOSDevice64">
                        <RemoteDir>..\$(PROJECTNAME).app.dSYM\Contents\Resources\DWARF</RemoteDir>
                        <Operation>1</Operation>
                    </Platform>
                </DeployClass>
                <DeployClass Name="ProjectiOSDeviceResourceRules">
                    <Platform Name="iOSDevice32">
                        <Operation>1</Operation>
                    </Platform>
                    <Platform Name="iOSDevice64">
                        <Operation>1</Operation>
                    </Platform>
                </DeployClass>
                <DeployClass Name="ProjectiOSEntitlements">
                    <Platform Name="iOSDevice32">
                        <RemoteDir>..\</RemoteDir>
                        <Operation>1</Operation>
                    </Platform>
                    <Platform Name="iOSDevice64">
                        <RemoteDir>..\</RemoteDir>
                        <Operation>1</Operation>
                    </Platform>
                </DeployClass>
                <DeployClass Name="ProjectiOSInfoPList">
                    <Platform Name="iOSDevice32">
                        <Operation>1</Operation>
                    </Platform>
                    <Platform Name="iOSDevice64">
                        <Operation>1</Operation>
                    </Platform>
                    <Platform Name="iOSSimulator">
                        <Operation>1</Operation>
                    </Platform>
                </DeployClass>
                <DeployClass Name="ProjectiOSResource">
                    <Platform Name="iOSDevice32">
                        <Operation>1</Operation>
                    </Platform>
                    <Platform Name="iOSDevice64">
                        <Operation>1</Operation>
                    </Platform>
                    <Platform Name="iOSSimulator">
                        <Operation>1</Operation>
                    </Platform>
                </DeployClass>
                <DeployClass Name="ProjectOSXEntitlements">
                    <Platform Name="OSX32">
                        <RemoteDir>..\</RemoteDir>
                        <Operation>1</Operation>
                    </Platform>
                </DeployClass>
                <DeployClass Name="ProjectOSXInfoPList">
                    <Platform Name="OSX32">
                        <RemoteDir>Contents</RemoteDir>
                        <Operation>1</Operation>
                    </Platform>
                </DeployClass>
                <DeployClass Name="ProjectOSXResource">
                    <Platform Name="OSX32">
                        <RemoteDir>Contents\Resources</RemoteDir>
                        <Operation>1</Operation>
                    </Platform>
                </DeployClass>
                <DeployClass Required="true" Name="ProjectOutput">
                    <Platform Name="Android">
                        <RemoteDir>library\lib\armeabi-v7a</RemoteDir>
                        <Operation>1</Operation>
                    </Platform>
                    <Platform Name="iOSDevice32">
                        <Operation>1</Operation>
                    </Platform>
                    <Platform Name="iOSDevice64">
                        <Operation>1</Operation>
                    </Platform>
                    <Platform Name="iOSSimulator">
                        <Operation>1</Operation>
                    </Platform>
                    <Platform Name="Linux64">
                        <Operation>1</Operation>
                    </Platform>
                    <Platform Name="OSX32">
                        <RemoteDir>Contents\MacOS</RemoteDir>
                        <Operation>1</Operation>
                    </Platform>
                    <Platform Name="Win32">
                        <Operation>0</Operation>
                    </Platform>
                </DeployClass>
                <DeployClass Name="ProjectUWPManifest">
                    <Platform Name="Win32">
                        <Operation>1</Operation>
                    </Platform>
                    <Platform Name="Win64">
                        <Operation>1</Operation>
                    </Platform>
                </DeployClass>
                <DeployClass Name="UWP_DelphiLogo150">
                    <Platform Name="Win32">
                        <RemoteDir>Assets</RemoteDir>
                        <Operation>1</Operation>
                    </Platform>
                    <Platform Name="Win64">
                        <RemoteDir>Assets</RemoteDir>
                        <Operation>1</Operation>
                    </Platform>
                </DeployClass>
                <DeployClass Name="UWP_DelphiLogo44">
                    <Platform Name="Win32">
                        <RemoteDir>Assets</RemoteDir>
                        <Operation>1</Operation>
                    </Platform>
                    <Platform Name="Win64">
                        <RemoteDir>Assets</RemoteDir>
                        <Operation>1</Operation>
                    </Platform>
                </DeployClass>
                <ProjectRoot Platform="iOSDevice64" Name="$(PROJECTNAME).app"/>
                <ProjectRoot Platform="Win64" Name="$(PROJECTNAME)"/>
                <ProjectRoot Platform="iOSDevice32" Name="$(PROJECTNAME).app"/>
                <ProjectRoot Platform="Linux64" Name="$(PROJECTNAME)"/>
                <ProjectRoot Platform="Win32" Name="$(PROJECTNAME)"/>
                <ProjectRoot Platform="OSX32" Name="$(PROJECTNAME).app"/>
                <ProjectRoot Platform="Android" Name="$(PROJECTNAME)"/>
                <ProjectRoot Platform="iOSSimulator" Name="$(PROJECTNAME).app"/>
            </Deployment>
            <Platforms>
                <Platform value="Android">False</Platform>
                <Platform value="iOSDevice32">False</Platform>
                <Platform value="iOSDevice64">False</Platform>
                <Platform value="iOSSimulator">False</Platform>
                <Platform value="Linux64">True</Platform>
                <Platform value="OSX32">True</Platform>
                <Platform value="Win32">True</Platform>
                <Platform value="Win64">True</Platform>
            </Platforms>
        </BorlandProject>
        <ProjectFileVersion>12</ProjectFileVersion>
    </ProjectExtensions>
    <Import Project="$(BDS)\Bin\CodeGear.Delphi.Targets" Condition="Exists('$(BDS)\Bin\CodeGear.Delphi.Targets')"/>
    <Import Project="$(APPDATA)\Embarcadero\$(BDSAPPDATABASEDIR)\$(PRODUCTVERSION)\UserTools.proj" Condition="Exists('$(APPDATA)\Embarcadero\$(BDSAPPDATABASEDIR)\$(PRODUCTVERSION)\UserTools.proj')"/>
    <Import Project="$(MSBuildProjectName).deployproj" Condition="Exists('$(MSBuildProjectName).deployproj')"/>
</Project>
